Microsoft Visual Studio Solution File, Format Version 12.00
# Visual Studio Version 17
VisualStudioVersion = 17.5.2.0
MinimumVisualStudioVersion = 10.0.40219.1
Project("{2150E333-8FDC-42A3-9474-1A3956D46DE8}") = "task-management-backend", "task-management-backend", "{8A8615A8-D58C-4DF3-A8FE-F90D1454E5B5}"
EndProject
Project("{FAE04EC0-301F-11D3-BF4B-00C04F79EFBC}") = "TaskApi", "task-management-backend\TaskApi.csproj", "{0F78887D-63E1-535C-F3E3-4045608B8766}"
EndProject
Global
	GlobalSection(SolutionConfigurationPlatforms) = preSolution
		Debug|Any CPU = Debug|Any CPU
		Release|Any CPU = Release|Any CPU
	EndGlobalSection
	GlobalSection(ProjectConfigurationPlatforms) = postSolution
		{0F78887D-63E1-535C-F3E3-4045608B8766}.Debug|Any CPU.ActiveCfg = Debug|Any CPU
		{0F78887D-63E1-535C-F3E3-4045608B8766}.Debug|Any CPU.Build.0 = Debug|Any CPU
		{0F78887D-63E1-535C-F3E3-4045608B8766}.Release|Any CPU.ActiveCfg = Release|Any CPU
		{0F78887D-63E1-535C-F3E3-4045608B8766}.Release|Any CPU.Build.0 = Release|Any CPU
	EndGlobalSection
	GlobalSection(SolutionProperties) = preSolution
		HideSolutionNode = FALSE
	EndGlobalSection
	GlobalSection(NestedProjects) = preSolution
		{0F78887D-63E1-535C-F3E3-4045608B8766} = {8A8615A8-D58C-4DF3-A8FE-F90D1454E5B5}
	EndGlobalSection
	GlobalSection(ExtensibilityGlobals) = postSolution
		SolutionGuid = {0F147188-5302-4203-895E-E12F4B3C8CAF}
	EndGlobalSection
EndGlobal
